
Microsoft Visual Studio Solution File, Format Version 12.00
# Visual Studio Version 17
VisualStudioVersion = 17.4.33205.214
MinimumVisualStudioVersion = 10.0.40219.1
Project("{FAE04EC0-301F-11D3-BF4B-00C04F79EFBC}") = "FlowChart", "FlowChart\FlowChart.csproj", "{35F968C3-CD44-41F5-B8EB-BFEB225202CB}"
EndProject
Global
	GlobalSection(SolutionConfigurationPlatforms) = preSolution
		Debug|Any CPU = Debug|Any CPU
		Release|Any CPU = Release|Any CPU
	EndGlobalSection
	GlobalSection(ProjectConfigurationPlatforms) = postSolution
		{35F968C3-CD44-41F5-B8EB-BFEB225202CB}.Debug|Any CPU.ActiveCfg = Debug|Any CPU
		{35F968C3-CD44-41F5-B8EB-BFEB225202CB}.Debug|Any CPU.Build.0 = Debug|Any CPU
		{35F968C3-CD44-41F5-B8EB-BFEB225202CB}.Release|Any CPU.ActiveCfg = Release|Any CPU
		{35F968C3-CD44-41F5-B8EB-BFEB225202CB}.Release|Any CPU.Build.0 = Release|Any CPU
	EndGlobalSection
	GlobalSection(SolutionProperties) = preSolution
		HideSolutionNode = FALSE
	EndGlobalSection
	GlobalSection(ExtensibilityGlobals) = postSolution
		SolutionGuid = {21CFD003-24A2-4FCC-977A-8504C4241AEC}
	EndGlobalSection
EndGlobal
